// !$*UTF8*$!
{
	archiveVersion = 1;
	classes = {
	};
	objectVersion = 56;
	objects = {

/* Begin PBXBuildFile section */
		E85B4EF828DCB00C003AA54B /* Event.swift in Sources */ = {isa = PBXBuildFile; fileRef = E85B4EF428DCB00C003AA54B /* Event.swift */; };
		E85B4EF928DCB00C003AA54B /* AppState.swift in Sources */ = {isa = PBXBuildFile; fileRef = E85B4EF528DCB00C003AA54B /* AppState.swift */; };
		E85B4EFA28DCB00C003AA54B /* EventLink.swift in Sources */ = {isa = PBXBuildFile; fileRef = E85B4EF628DCB00C003AA54B /* EventLink.swift */; };
		E85B4EFB28DCB00C003AA54B /* Day.swift in Sources */ = {isa = PBXBuildFile; fileRef = E85B4EF728DCB00C003AA54B /* Day.swift */; };
		E85B4EFE28DCB035003AA54B /* String_decoded.swift in Sources */ = {isa = PBXBuildFile; fileRef = E85B4EFC28DCB035003AA54B /* String_decoded.swift */; };
		E85B4EFF28DCB035003AA54B /* Networker.swift in Sources */ = {isa = PBXBuildFile; fileRef = E85B4EFD28DCB035003AA54B /* Networker.swift */; };
		E85B4F0128DCB170003AA54B /* EventView.swift in Sources */ = {isa = PBXBuildFile; fileRef = E85B4F0028DCB170003AA54B /* EventView.swift */; };
		E85B4F0328DCB1D4003AA54B /* SampleEvent.swift in Sources */ = {isa = PBXBuildFile; fileRef = E85B4F0228DCB1D4003AA54B /* SampleEvent.swift */; };
		E868FF3328DF0AE10032F496 /* Menus.swift in Sources */ = {isa = PBXBuildFile; fileRef = E868FF3228DF0AE10032F496 /* Menus.swift */; };
		E868FF3528DF157F0032F496 /* DisplayMode.swift in Sources */ = {isa = PBXBuildFile; fileRef = E868FF3428DF157F0032F496 /* DisplayMode.swift */; };
		E8A6F5C228DF484C00C87018 /* Toolbar.swift in Sources */ = {isa = PBXBuildFile; fileRef = E8A6F5C128DF484C00C87018 /* Toolbar.swift */; };
		E8BA13E328E324A100BD5DF5 /* Credits.html in Resources */ = {isa = PBXBuildFile; fileRef = E8BA13E228E324A100BD5DF5 /* Credits.html */; };
		E8C3B99328E1CACA00D3D745 /* TableView.swift in Sources */ = {isa = PBXBuildFile; fileRef = E8C3B99228E1CACA00D3D745 /* TableView.swift */; };
		E8C3B99528E1DF9C00D3D745 /* DayPicker.swift in Sources */ = {isa = PBXBuildFile; fileRef = E8C3B99428E1DF9C00D3D745 /* DayPicker.swift */; };
		E8C57FF728E31677006DF666 /* PreferencesView.swift in Sources */ = {isa = PBXBuildFile; fileRef = E8C57FF628E31677006DF666 /* PreferencesView.swift */; };
		E8CFEF3328DDE36600DABD40 /* GridView.swift in Sources */ = {isa = PBXBuildFile; fileRef = E8CFEF3228DDE36600DABD40 /* GridView.swift */; };
		E8DE42A828DCAC1700384732 /* OnThisDayApp.swift in Sources */ = {isa = PBXBuildFile; fileRef = E8DE42A728DCAC1700384732 /* OnThisDayApp.swift */; };
		E8DE42AA28DCAC1700384732 /* ContentView.swift in Sources */ = {isa = PBXBuildFile; fileRef = E8DE42A928DCAC1700384732 /* ContentView.swift */; };
		E8DE42AC28DCAC1900384732 /* Assets.xcassets in Resources */ = {isa = PBXBuildFile; fileRef = E8DE42AB28DCAC1900384732 /* Assets.xcassets */; };
		E8DE42AF28DCAC1900384732 /* Preview Assets.xcassets in Resources */ = {isa = PBXBuildFile; fileRef = E8DE42AE28DCAC1900384732 /* Preview Assets.xcassets */; };
		E8DE42BE28DCAE1500384732 /* SidebarView.swift in Sources */ = {isa = PBXBuildFile; fileRef = E8DE42BD28DCAE1500384732 /* SidebarView.swift */; };
/* End PBXBuildFile section */

/* Begin PBXFileReference section */
		E85B4EF428DCB00C003AA54B /* Event.swift */ = {isa = PBXFileReference; fileEncoding = 4; lastKnownFileType = sourcecode.swift; path = Event.swift; sourceTree = "<group>"; };
		E85B4EF528DCB00C003AA54B /* AppState.swift */ = {isa = PBXFileReference; fileEncoding = 4; lastKnownFileType = sourcecode.swift; path = AppState.swift; sourceTree = "<group>"; };
		E85B4EF628DCB00C003AA54B /* EventLink.swift */ = {isa = PBXFileReference; fileEncoding = 4; lastKnownFileType = sourcecode.swift; path = EventLink.swift; sourceTree = "<group>"; };
		E85B4EF728DCB00C003AA54B /* Day.swift */ = {isa = PBXFileReference; fileEncoding = 4; lastKnownFileType = sourcecode.swift; path = Day.swift; sourceTree = "<group>"; };
		E85B4EFC28DCB035003AA54B /* String_decoded.swift */ = {isa = PBXFileReference; fileEncoding = 4; lastKnownFileType = sourcecode.swift; path = String_decoded.swift; sourceTree = "<group>"; };
		E85B4EFD28DCB035003AA54B /* Networker.swift */ = {isa = PBXFileReference; fileEncoding = 4; lastKnownFileType = sourcecode.swift; path = Networker.swift; sourceTree = "<group>"; };
		E85B4F0028DCB170003AA54B /* EventView.swift */ = {isa = PBXFileReference; lastKnownFileType = sourcecode.swift; path = EventView.swift; sourceTree = "<group>"; };
		E85B4F0228DCB1D4003AA54B /* SampleEvent.swift */ = {isa = PBXFileReference; fileEncoding = 4; lastKnownFileType = sourcecode.swift; path = SampleEvent.swift; sourceTree = "<group>"; };
		E868FF3228DF0AE10032F496 /* Menus.swift */ = {isa = PBXFileReference; lastKnownFileType = sourcecode.swift; path = Menus.swift; sourceTree = "<group>"; };
		E868FF3428DF157F0032F496 /* DisplayMode.swift */ = {isa = PBXFileReference; lastKnownFileType = sourcecode.swift; path = DisplayMode.swift; sourceTree = "<group>"; };
		E8A6F5C128DF484C00C87018 /* Toolbar.swift */ = {isa = PBXFileReference; lastKnownFileType = sourcecode.swift; path = Toolbar.swift; sourceTree = "<group>"; };
		E8BA13E228E324A100BD5DF5 /* Credits.html */ = {isa = PBXFileReference; lastKnownFileType = text.html; path = Credits.html; sourceTree = "<group>"; };
		E8C3B99228E1CACA00D3D745 /* TableView.swift */ = {isa = PBXFileReference; lastKnownFileType = sourcecode.swift; path = TableView.swift; sourceTree = "<group>"; };
		E8C3B99428E1DF9C00D3D745 /* DayPicker.swift */ = {isa = PBXFileReference; lastKnownFileType = sourcecode.swift; path = DayPicker.swift; sourceTree = "<group>"; };
		E8C57FF628E31677006DF666 /* PreferencesView.swift */ = {isa = PBXFileReference; lastKnownFileType = sourcecode.swift; path = PreferencesView.swift; sourceTree = "<group>"; };
		E8CFEF3228DDE36600DABD40 /* GridView.swift */ = {isa = PBXFileReference; lastKnownFileType = sourcecode.swift; path = GridView.swift; sourceTree = "<group>"; };
		E8DE42A428DCAC1700384732 /* On This Day.app */ = {isa = PBXFileReference; explicitFileType = wrapper.application; includeInIndex = 0; path = "On This Day.app"; sourceTree = BUILT_PRODUCTS_DIR; };
		E8DE42A728DCAC1700384732 /* OnThisDayApp.swift */ = {isa = PBXFileReference; lastKnownFileType = sourcecode.swift; path = OnThisDayApp.swift; sourceTree = "<group>"; };
		E8DE42A928DCAC1700384732 /* ContentView.swift */ = {isa = PBXFileReference; lastKnownFileType = sourcecode.swift; path = ContentView.swift; sourceTree = "<group>"; };
		E8DE42AB28DCAC1900384732 /* Assets.xcassets */ = {isa = PBXFileReference; lastKnownFileType = folder.assetcatalog; path = Assets.xcassets; sourceTree = "<group>"; };
		E8DE42AE28DCAC1900384732 /* Preview Assets.xcassets */ = {isa = PBXFileReference; lastKnownFileType = folder.assetcatalog; path = "Preview Assets.xcassets"; sourceTree = "<group>"; };
		E8DE42B028DCAC1900384732 /* OnThisDay.entitlements */ = {isa = PBXFileReference; lastKnownFileType = text.plist.entitlements; path = OnThisDay.entitlements; sourceTree = "<group>"; };
		E8DE42BD28DCAE1500384732 /* SidebarView.swift */ = {isa = PBXFileReference; lastKnownFileType = sourcecode.swift; path = SidebarView.swift; sourceTree = "<group>"; };
/* End PBXFileReference section */

/* Begin PBXFrameworksBuildPhase section */
		E8DE42A128DCAC1700384732 /* Frameworks */ = {
			isa = PBXFrameworksBuildPhase;
			buildActionMask = 2147483647;
			files = (
			);
			runOnlyForDeploymentPostprocessing = 0;
		};
/* End PBXFrameworksBuildPhase section */

/* Begin PBXGroup section */
		E85B4EF228DCAFB7003AA54B /* Models */ = {
			isa = PBXGroup;
			children = (
				E85B4EF528DCB00C003AA54B /* AppState.swift */,
				E85B4EF728DCB00C003AA54B /* Day.swift */,
				E85B4EF428DCB00C003AA54B /* Event.swift */,
				E85B4EF628DCB00C003AA54B /* EventLink.swift */,
				E868FF3428DF157F0032F496 /* DisplayMode.swift */,
			);
			path = Models;
			sourceTree = "<group>";
		};
		E85B4EF328DCAFC2003AA54B /* Utilities */ = {
			isa = PBXGroup;
			children = (
				E85B4EFD28DCB035003AA54B /* Networker.swift */,
				E85B4EFC28DCB035003AA54B /* String_decoded.swift */,
			);
			path = Utilities;
			sourceTree = "<group>";
		};
		E8A6F5C028DF482000C87018 /* Controls */ = {
			isa = PBXGroup;
			children = (
				E868FF3228DF0AE10032F496 /* Menus.swift */,
				E8A6F5C128DF484C00C87018 /* Toolbar.swift */,
			);
			path = Controls;
			sourceTree = "<group>";
		};
		E8DE429B28DCAC1700384732 = {
			isa = PBXGroup;
			children = (
				E8DE42A628DCAC1700384732 /* OnThisDay */,
				E8DE42A528DCAC1700384732 /* Products */,
			);
			sourceTree = "<group>";
		};
		E8DE42A528DCAC1700384732 /* Products */ = {
			isa = PBXGroup;
			children = (
				E8DE42A428DCAC1700384732 /* On This Day.app */,
			);
			name = Products;
			sourceTree = "<group>";
		};
		E8DE42A628DCAC1700384732 /* OnThisDay */ = {
			isa = PBXGroup;
			children = (
				E8A6F5C028DF482000C87018 /* Controls */,
				E85B4EF328DCAFC2003AA54B /* Utilities */,
				E85B4EF228DCAFB7003AA54B /* Models */,
				E8DE42BC28DCADFD00384732 /* Views */,
				E8DE42A728DCAC1700384732 /* OnThisDayApp.swift */,
				E8DE42AB28DCAC1900384732 /* Assets.xcassets */,
				E8DE42B028DCAC1900384732 /* OnThisDay.entitlements */,
				E8DE42AD28DCAC1900384732 /* Preview Content */,
			);
			path = OnThisDay;
			sourceTree = "<group>";
		};
		E8DE42AD28DCAC1900384732 /* Preview Content */ = {
			isa = PBXGroup;
			children = (
				E85B4F0228DCB1D4003AA54B /* SampleEvent.swift */,
				E8DE42AE28DCAC1900384732 /* Preview Assets.xcassets */,
			);
			path = "Preview Content";
			sourceTree = "<group>";
		};
		E8DE42BC28DCADFD00384732 /* Views */ = {
			isa = PBXGroup;
			children = (
				E8DE42A928DCAC1700384732 /* ContentView.swift */,
				E8DE42BD28DCAE1500384732 /* SidebarView.swift */,
				E85B4F0028DCB170003AA54B /* EventView.swift */,
				E8CFEF3228DDE36600DABD40 /* GridView.swift */,
				E8C3B99228E1CACA00D3D745 /* TableView.swift */,
				E8C3B99428E1DF9C00D3D745 /* DayPicker.swift */,
				E8C57FF628E31677006DF666 /* PreferencesView.swift */,
				E8BA13E228E324A100BD5DF5 /* Credits.html */,
			);
			path = Views;
			sourceTree = "<group>";
		};
/* End PBXGroup section */

/* Begin PBXNativeTarget section */
		E8DE42A328DCAC1700384732 /* On This Day */ = {
			isa = PBXNativeTarget;
			buildConfigurationList = E8DE42B328DCAC1900384732 /* Build configuration list for PBXNativeTarget "On This Day" */;
			buildPhases = (
				E8DE42A028DCAC1700384732 /* Sources */,
				E8DE42A128DCAC1700384732 /* Frameworks */,
				E8DE42A228DCAC1700384732 /* Resources */,
			);
			buildRules = (
			);
			dependencies = (
			);
			name = "On This Day";
			productName = OnThisDay;
			productReference = E8DE42A428DCAC1700384732 /* On This Day.app */;
			productType = "com.apple.product-type.application";
		};
/* End PBXNativeTarget section */

/* Begin PBXProject section */
		E8DE429C28DCAC1700384732 /* Project object */ = {
			isa = PBXProject;
			attributes = {
				BuildIndependentTargetsInParallel = 1;
				LastSwiftUpdateCheck = 1400;
				LastUpgradeCheck = 1400;
				TargetAttributes = {
					E8DE42A328DCAC1700384732 = {
						CreatedOnToolsVersion = 14.0;
					};
				};
			};
			buildConfigurationList = E8DE429F28DCAC1700384732 /* Build configuration list for PBXProject "OnThisDay" */;
			compatibilityVersion = "Xcode 14.0";
			developmentRegion = en;
			hasScannedForEncodings = 0;
			knownRegions = (
				en,
				Base,
			);
			mainGroup = E8DE429B28DCAC1700384732;
			productRefGroup = E8DE42A528DCAC1700384732 /* Products */;
			projectDirPath = "";
			projectRoot = "";
			targets = (
				E8DE42A328DCAC1700384732 /* On This Day */,
			);
		};
/* End PBXProject section */

/* Begin PBXResourcesBuildPhase section */
		E8DE42A228DCAC1700384732 /* Resources */ = {
			isa = PBXResourcesBuildPhase;
			buildActionMask = 2147483647;
			files = (
				E8DE42AF28DCAC1900384732 /* Preview Assets.xcassets in Resources */,
				E8BA13E328E324A100BD5DF5 /* Credits.html in Resources */,
				E8DE42AC28DCAC1900384732 /* Assets.xcassets in Resources */,
			);
			runOnlyForDeploymentPostprocessing = 0;
		};
/* End PBXResourcesBuildPhase section */

/* Begin PBXSourcesBuildPhase section */
		E8DE42A028DCAC1700384732 /* Sources */ = {
			isa = PBXSourcesBuildPhase;
			buildActionMask = 2147483647;
			files = (
				E8C3B99528E1DF9C00D3D745 /* DayPicker.swift in Sources */,
				E85B4EFB28DCB00C003AA54B /* Day.swift in Sources */,
				E868FF3528DF157F0032F496 /* DisplayMode.swift in Sources */,
				E85B4EF828DCB00C003AA54B /* Event.swift in Sources */,
				E85B4EF928DCB00C003AA54B /* AppState.swift in Sources */,
				E868FF3328DF0AE10032F496 /* Menus.swift in Sources */,
				E85B4EFA28DCB00C003AA54B /* EventLink.swift in Sources */,
				E8DE42AA28DCAC1700384732 /* ContentView.swift in Sources */,
				E85B4EFF28DCB035003AA54B /* Networker.swift in Sources */,
				E85B4EFE28DCB035003AA54B /* String_decoded.swift in Sources */,
				E8DE42A828DCAC1700384732 /* OnThisDayApp.swift in Sources */,
				E8DE42BE28DCAE1500384732 /* SidebarView.swift in Sources */,
				E85B4F0128DCB170003AA54B /* EventView.swift in Sources */,
				E8C57FF728E31677006DF666 /* PreferencesView.swift in Sources */,
				E8A6F5C228DF484C00C87018 /* Toolbar.swift in Sources */,
				E8C3B99328E1CACA00D3D745 /* TableView.swift in Sources */,
				E8CFEF3328DDE36600DABD40 /* GridView.swift in Sources */,
				E85B4F0328DCB1D4003AA54B /* SampleEvent.swift in Sources */,
			);
			runOnlyForDeploymentPostprocessing = 0;
		};
/* End PBXSourcesBuildPhase section */

/* Begin XCBuildConfiguration section */
		E8DE42B128DCAC1900384732 /* Debug */ = {
			isa = XCBuildConfiguration;
			buildSettings = {
				ALWAYS_SEARCH_USER_PATHS = NO;
				CLANG_ANALYZER_NONNULL = YES;
				CLANG_ANALYZER_NUMBER_OBJECT_CONVERSION = YES_AGGRESSIVE;
				CLANG_CXX_LANGUAGE_STANDARD = "gnu++20";
				CLANG_ENABLE_MODULES = YES;
				CLANG_ENABLE_OBJC_ARC = YES;
				CLANG_ENABLE_OBJC_WEAK = YES;
				CLANG_WARN_BLOCK_CAPTURE_AUTORELEASING = YES;
				CLANG_WARN_BOOL_CONVERSION = YES;
				CLANG_WARN_COMMA = YES;
				CLANG_WARN_CONSTANT_CONVERSION = YES;
				CLANG_WARN_DEPRECATED_OBJC_IMPLEMENTATIONS = YES;
				CLANG_WARN_DIRECT_OBJC_ISA_USAGE = YES_ERROR;
				CLANG_WARN_DOCUMENTATION_COMMENTS = YES;
				CLANG_WARN_EMPTY_BODY = YES;
				CLANG_WARN_ENUM_CONVERSION = YES;
				CLANG_WARN_INFINITE_RECURSION = YES;
				CLANG_WARN_INT_CONVERSION = YES;
				CLANG_WARN_NON_LITERAL_NULL_CONVERSION = YES;
				CLANG_WARN_OBJC_IMPLICIT_RETAIN_SELF = YES;
				CLANG_WARN_OBJC_LITERAL_CONVERSION = YES;
				CLANG_WARN_OBJC_ROOT_CLASS = YES_ERROR;
				CLANG_WARN_QUOTED_INCLUDE_IN_FRAMEWORK_HEADER = YES;
				CLANG_WARN_RANGE_LOOP_ANALYSIS = YES;
				CLANG_WARN_STRICT_PROTOTYPES = YES;
				CLANG_WARN_SUSPICIOUS_MOVE = YES;
				CLANG_WARN_UNGUARDED_AVAILABILITY = YES_AGGRESSIVE;
				CLANG_WARN_UNREACHABLE_CODE = YES;
				CLANG_WARN__DUPLICATE_METHOD_MATCH = YES;
				COPY_PHASE_STRIP = NO;
				DEBUG_INFORMATION_FORMAT = dwarf;
				ENABLE_STRICT_OBJC_MSGSEND = YES;
				ENABLE_TESTABILITY = YES;
				GCC_C_LANGUAGE_STANDARD = gnu11;
				GCC_DYNAMIC_NO_PIC = NO;
				GCC_NO_COMMON_BLOCKS = YES;
				GCC_OPTIMIZATION_LEVEL = 0;
				GCC_PREPROCESSOR_DEFINITIONS = (
					"DEBUG=1",
					"$(inherited)",
				);
				GCC_WARN_64_TO_32_BIT_CONVERSION = YES;
				GCC_WARN_ABOUT_RETURN_TYPE = YES_ERROR;
				GCC_WARN_UNDECLARED_SELECTOR = YES;
				GCC_WARN_UNINITIALIZED_AUTOS = YES_AGGRESSIVE;
				GCC_WARN_UNUSED_FUNCTION = YES;
				GCC_WARN_UNUSED_VARIABLE = YES;
				MACOSX_DEPLOYMENT_TARGET = 12.3;
				MTL_ENABLE_DEBUG_INFO = INCLUDE_SOURCE;
				MTL_FAST_MATH = YES;
				ONLY_ACTIVE_ARCH = YES;
				SDKROOT = macosx;
				SWIFT_ACTIVE_COMPILATION_CONDITIONS = DEBUG;
				SWIFT_OPTIMIZATION_LEVEL = "-Onone";
			};
			name = Debug;
		};
		E8DE42B228DCAC1900384732 /* Release */ = {
			isa = XCBuildConfiguration;
			buildSettings = {
				ALWAYS_SEARCH_USER_PATHS = NO;
				CLANG_ANALYZER_NONNULL = YES;
				CLANG_ANALYZER_NUMBER_OBJECT_CONVERSION = YES_AGGRESSIVE;
				CLANG_CXX_LANGUAGE_STANDARD = "gnu++20";
				CLANG_ENABLE_MODULES = YES;
				CLANG_ENABLE_OBJC_ARC = YES;
				CLANG_ENABLE_OBJC_WEAK = YES;
				CLANG_WARN_BLOCK_CAPTURE_AUTORELEASING = YES;
				CLANG_WARN_BOOL_CONVERSION = YES;
				CLANG_WARN_COMMA = YES;
				CLANG_WARN_CONSTANT_CONVERSION = YES;
				CLANG_WARN_DEPRECATED_OBJC_IMPLEMENTATIONS = YES;
				CLANG_WARN_DIRECT_OBJC_ISA_USAGE = YES_ERROR;
				CLANG_WARN_DOCUMENTATION_COMMENTS = YES;
				CLANG_WARN_EMPTY_BODY = YES;
				CLANG_WARN_ENUM_CONVERSION = YES;
				CLANG_WARN_INFINITE_RECURSION = YES;
				CLANG_WARN_INT_CONVERSION = YES;
				CLANG_WARN_NON_LITERAL_NULL_CONVERSION = YES;
				CLANG_WARN_OBJC_IMPLICIT_RETAIN_SELF = YES;
				CLANG_WARN_OBJC_LITERAL_CONVERSION = YES;
				CLANG_WARN_OBJC_ROOT_CLASS = YES_ERROR;
				CLANG_WARN_QUOTED_INCLUDE_IN_FRAMEWORK_HEADER = YES;
				CLANG_WARN_RANGE_LOOP_ANALYSIS = YES;
				CLANG_WARN_STRICT_PROTOTYPES = YES;
				CLANG_WARN_SUSPICIOUS_MOVE = YES;
				CLANG_WARN_UNGUARDED_AVAILABILITY = YES_AGGRESSIVE;
				CLANG_WARN_UNREACHABLE_CODE = YES;
				CLANG_WARN__DUPLICATE_METHOD_MATCH = YES;
				COPY_PHASE_STRIP = NO;
				DEBUG_INFORMATION_FORMAT = "dwarf-with-dsym";
				ENABLE_NS_ASSERTIONS = NO;
				ENABLE_STRICT_OBJC_MSGSEND = YES;
				GCC_C_LANGUAGE_STANDARD = gnu11;
				GCC_NO_COMMON_BLOCKS = YES;
				GCC_WARN_64_TO_32_BIT_CONVERSION = YES;
				GCC_WARN_ABOUT_RETURN_TYPE = YES_ERROR;
				GCC_WARN_UNDECLARED_SELECTOR = YES;
				GCC_WARN_UNINITIALIZED_AUTOS = YES_AGGRESSIVE;
				GCC_WARN_UNUSED_FUNCTION = YES;
				GCC_WARN_UNUSED_VARIABLE = YES;
				MACOSX_DEPLOYMENT_TARGET = 12.3;
				MTL_ENABLE_DEBUG_INFO = NO;
				MTL_FAST_MATH = YES;
				SDKROOT = macosx;
				SWIFT_COMPILATION_MODE = wholemodule;
				SWIFT_OPTIMIZATION_LEVEL = "-O";
			};
			name = Release;
		};
		E8DE42B428DCAC1900384732 /* Debug */ = {
			isa = XCBuildConfiguration;
			buildSettings = {
				ASSETCATALOG_COMPILER_APPICON_NAME = AppIcon;
				ASSETCATALOG_COMPILER_GLOBAL_ACCENT_COLOR_NAME = AccentColor;
				CODE_SIGN_ENTITLEMENTS = OnThisDay/OnThisDay.entitlements;
				CODE_SIGN_STYLE = Automatic;
				COMBINE_HIDPI_IMAGES = YES;
				CURRENT_PROJECT_VERSION = 1;
				DEVELOPMENT_ASSET_PATHS = "\"OnThisDay/Preview Content\"";
				DEVELOPMENT_TEAM = MH62Y8D74P;
				ENABLE_HARDENED_RUNTIME = YES;
				ENABLE_PREVIEWS = YES;
				GENERATE_INFOPLIST_FILE = YES;
				INFOPLIST_KEY_NSHumanReadableCopyright = "";
				LD_RUNPATH_SEARCH_PATHS = (
					"$(inherited)",
					"@executable_path/../Frameworks",
				);
				MARKETING_VERSION = 1.0;
				PRODUCT_BUNDLE_IDENTIFIER = uk.co.sabarnett.OnThisDay;
				PRODUCT_NAME = "$(TARGET_NAME)";
				SWIFT_EMIT_LOC_STRINGS = YES;
				SWIFT_VERSION = 5.0;
			};
			name = Debug;
		};
		E8DE42B528DCAC1900384732 /* Release */ = {
			isa = XCBuildConfiguration;
			buildSettings = {
				ASSETCATALOG_COMPILER_APPICON_NAME = AppIcon;
				ASSETCATALOG_COMPILER_GLOBAL_ACCENT_COLOR_NAME = AccentColor;
				CODE_SIGN_ENTITLEMENTS = OnThisDay/OnThisDay.entitlements;
				CODE_SIGN_STYLE = Automatic;
				COMBINE_HIDPI_IMAGES = YES;
				CURRENT_PROJECT_VERSION = 1;
				DEVELOPMENT_ASSET_PATHS = "\"OnThisDay/Preview Content\"";
				DEVELOPMENT_TEAM = MH62Y8D74P;
				ENABLE_HARDENED_RUNTIME = YES;
				ENABLE_PREVIEWS = YES;
				GENERATE_INFOPLIST_FILE = YES;
				INFOPLIST_KEY_NSHumanReadableCopyright = "";
				LD_RUNPATH_SEARCH_PATHS = (
					"$(inherited)",
					"@executable_path/../Frameworks",
				);
				MARKETING_VERSION = 1.0;
				PRODUCT_BUNDLE_IDENTIFIER = uk.co.sabarnett.OnThisDay;
				PRODUCT_NAME = "$(TARGET_NAME)";
				SWIFT_EMIT_LOC_STRINGS = YES;
				SWIFT_VERSION = 5.0;
			};
			name = Release;
		};
/* End XCBuildConfiguration section */

/* Begin XCConfigurationList section */
		E8DE429F28DCAC1700384732 /* Build configuration list for PBXProject "OnThisDay" */ = {
			isa = XCConfigurationList;
			buildConfigurations = (
				E8DE42B128DCAC1900384732 /* Debug */,
				E8DE42B228DCAC1900384732 /* Release */,
			);
			defaultConfigurationIsVisible = 0;
			defaultConfigurationName = Release;
		};
		E8DE42B328DCAC1900384732 /* Build configuration list for PBXNativeTarget "On This Day" */ = {
			isa = XCConfigurationList;
			buildConfigurations = (
				E8DE42B428DCAC1900384732 /* Debug */,
				E8DE42B528DCAC1900384732 /* Release */,
			);
			defaultConfigurationIsVisible = 0;
			defaultConfigurationName = Release;
		};
/* End XCConfigurationList section */
	};
	rootObject = E8DE429C28DCAC1700384732 /* Project object */;
}
